
Microsoft Visual Studio Solution File, Format Version 12.00
# Visual Studio Version 17
VisualStudioVersion = 17.0.31903.59
MinimumVisualStudioVersion = 10.0.40219.1
Project("{FAE04EC0-301F-11D3-BF4B-00C04F79EFBC}") = "API", "API\API.csproj", "{CCF75035-E535-482B-B79C-D06687393E88}"
EndProject
Project("{FAE04EC0-301F-11D3-BF4B-00C04F79EFBC}") = "Core", "Core\Core.csproj", "{D77C5C94-EA58-4439-B14C-D8C1605C9D9C}"
EndProject
Project("{FAE04EC0-301F-11D3-BF4B-00C04F79EFBC}") = "Infrastructure", "Infrastructure\Infrastructure.csproj", "{625B93F6-814C-4BDE-BF2C-23788C0F1F81}"
EndProject
Global
	GlobalSection(SolutionConfigurationPlatforms) = preSolution
		Debug|Any CPU = Debug|Any CPU
		Release|Any CPU = Release|Any CPU
	EndGlobalSection
	GlobalSection(SolutionProperties) = preSolution
		HideSolutionNode = FALSE
	EndGlobalSection
	GlobalSection(ProjectConfigurationPlatforms) = postSolution
		{CCF75035-E535-482B-B79C-D06687393E88}.Debug|Any CPU.ActiveCfg = Debug|Any CPU
		{CCF75035-E535-482B-B79C-D06687393E88}.Debug|Any CPU.Build.0 = Debug|Any CPU
		{CCF75035-E535-482B-B79C-D06687393E88}.Release|Any CPU.ActiveCfg = Release|Any CPU
		{CCF75035-E535-482B-B79C-D06687393E88}.Release|Any CPU.Build.0 = Release|Any CPU
		{D77C5C94-EA58-4439-B14C-D8C1605C9D9C}.Debug|Any CPU.ActiveCfg = Debug|Any CPU
		{D77C5C94-EA58-4439-B14C-D8C1605C9D9C}.Debug|Any CPU.Build.0 = Debug|Any CPU
		{D77C5C94-EA58-4439-B14C-D8C1605C9D9C}.Release|Any CPU.ActiveCfg = Release|Any CPU
		{D77C5C94-EA58-4439-B14C-D8C1605C9D9C}.Release|Any CPU.Build.0 = Release|Any CPU
		{625B93F6-814C-4BDE-BF2C-23788C0F1F81}.Debug|Any CPU.ActiveCfg = Debug|Any CPU
		{625B93F6-814C-4BDE-BF2C-23788C0F1F81}.Debug|Any CPU.Build.0 = Debug|Any CPU
		{625B93F6-814C-4BDE-BF2C-23788C0F1F81}.Release|Any CPU.ActiveCfg = Release|Any CPU
		{625B93F6-814C-4BDE-BF2C-23788C0F1F81}.Release|Any CPU.Build.0 = Release|Any CPU
	EndGlobalSection
EndGlobal
